
Microsoft Visual Studio Solution File, Format Version 12.00
Project("{FAE04EC0-301F-11D3-BF4B-00C04F79EFBC}") = "HashTable.ConsoleApp", "HashTable.ConsoleApp\HashTable.ConsoleApp.csproj", "{B0C2663A-129E-420C-9592-CAC68C4C04E9}"
EndProject
Project("{FAE04EC0-301F-11D3-BF4B-00C04F79EFBC}") = "HashTable.Lib", "HashTable.Lib\HashTable.Lib.csproj", "{8F0AC88A-F7FF-4BE6-B4B3-D51C891ADB4E}"
EndProject
Global
	GlobalSection(SolutionConfigurationPlatforms) = preSolution
		Debug|Any CPU = Debug|Any CPU
		Release|Any CPU = Release|Any CPU
	EndGlobalSection
	GlobalSection(ProjectConfigurationPlatforms) = postSolution
		{B0C2663A-129E-420C-9592-CAC68C4C04E9}.Debug|Any CPU.ActiveCfg = Debug|Any CPU
		{B0C2663A-129E-420C-9592-CAC68C4C04E9}.Debug|Any CPU.Build.0 = Debug|Any CPU
		{B0C2663A-129E-420C-9592-CAC68C4C04E9}.Release|Any CPU.ActiveCfg = Release|Any CPU
		{B0C2663A-129E-420C-9592-CAC68C4C04E9}.Release|Any CPU.Build.0 = Release|Any CPU
		{8F0AC88A-F7FF-4BE6-B4B3-D51C891ADB4E}.Debug|Any CPU.ActiveCfg = Debug|Any CPU
		{8F0AC88A-F7FF-4BE6-B4B3-D51C891ADB4E}.Debug|Any CPU.Build.0 = Debug|Any CPU
		{8F0AC88A-F7FF-4BE6-B4B3-D51C891ADB4E}.Release|Any CPU.ActiveCfg = Release|Any CPU
		{8F0AC88A-F7FF-4BE6-B4B3-D51C891ADB4E}.Release|Any CPU.Build.0 = Release|Any CPU
	EndGlobalSection
EndGlobal
